{
  "projects": [
    {
      "projectId": "x7VZoMTkaRPxy26VUXVkvK",
      "version": "latest",
      "dependencies": {},
      "lang": "ts",
      "fileLocks": [
        {
          "type": "globalVariant",
          "assetId": "CivdiBQpYpScy",
          "checksum": "fe806dec8c182cc124e7d7d714161b9d"
        },
        {
          "assetId": "x7VZoMTkaRPxy26VUXVkvK",
          "checksum": "69580899cf98c04e5152251c42232f44",
          "type": "globalContexts"
        },
        {
          "type": "renderModule",
          "assetId": "xq29wAEBU6Yg",
          "checksum": "d55911292e34ac59fbd758771fade1f1"
        },
        {
          "type": "cssRules",
          "assetId": "xq29wAEBU6Yg",
          "checksum": "d55911292e34ac59fbd758771fade1f1"
        },
        {
          "type": "renderModule",
          "assetId": "QyqHsDAu6Z",
          "checksum": "ef9e5d0144a342aa4e05af96ab2c5bd4"
        },
        {
          "type": "cssRules",
          "assetId": "QyqHsDAu6Z",
          "checksum": "ef9e5d0144a342aa4e05af96ab2c5bd4"
        },
        {
          "type": "renderModule",
          "assetId": "B74XSlye7u",
          "checksum": "d9d34a3b091cea1875d686fed8d74134"
        },
        {
          "type": "cssRules",
          "assetId": "B74XSlye7u",
          "checksum": "d9d34a3b091cea1875d686fed8d74134"
        },
        {
          "type": "icon",
          "assetId": "sjOToUFJK",
          "checksum": "127c848e968cfe13f3c63ae7a3eb0e3b"
        },
        {
          "type": "renderModule",
          "assetId": "VR0q09gI2-",
          "checksum": "d89e99c9344a571fe9c1408595bf1a99"
        },
        {
          "type": "cssRules",
          "assetId": "VR0q09gI2-",
          "checksum": "d89e99c9344a571fe9c1408595bf1a99"
        },
        {
          "type": "renderModule",
          "assetId": "j-8daIxf9n",
          "checksum": "c4bfa9f01b310b7aa8852837b1626cd6"
        },
        {
          "type": "cssRules",
          "assetId": "j-8daIxf9n",
          "checksum": "c4bfa9f01b310b7aa8852837b1626cd6"
        },
        {
          "type": "renderModule",
          "assetId": "HKcHvxKoTD",
          "checksum": "d3b4d422bdba1184783337e4956d13cd"
        },
        {
          "type": "cssRules",
          "assetId": "HKcHvxKoTD",
          "checksum": "d3b4d422bdba1184783337e4956d13cd"
        },
        {
          "type": "renderModule",
          "assetId": "XPN2REkT4O",
          "checksum": "3741a670b018eba525d51f77a50009cc"
        },
        {
          "type": "cssRules",
          "assetId": "XPN2REkT4O",
          "checksum": "3741a670b018eba525d51f77a50009cc"
        },
        {
          "assetId": "x7VZoMTkaRPxy26VUXVkvK",
          "type": "projectCss",
          "checksum": "7ade30201aca9537b67ff6c5bbba4a1e"
        }
      ],
      "codegenVersion": "0.0.1"
    },
    {
      "projectId": "YUiM7yqBWAqsh8KSnrdj7",
      "version": "0.17.0",
      "dependencies": {},
      "lang": "ts",
      "fileLocks": [
        {
          "assetId": "YUiM7yqBWAqsh8KSnrdj7",
          "type": "projectCss",
          "checksum": "dac72600b04b6e6a3014e82512a15fe1"
        }
      ],
      "codegenVersion": "0.0.1"
    },
    {
      "projectId": "nV7sRTPBx6ecWzFNNAWeQg",
      "version": "latest",
      "dependencies": {
        "YUiM7yqBWAqsh8KSnrdj7": "0.17.0"
      },
      "lang": "ts",
      "fileLocks": [
        {
          "type": "globalVariant",
          "assetId": "xM5YozUtiFnH_Z",
          "checksum": "7ebe09366c258951c64d46e96088ae89"
        },
        {
          "assetId": "nV7sRTPBx6ecWzFNNAWeQg",
          "checksum": "ec86eaf1fc446a05a83a9e39d221c119",
          "type": "globalContexts"
        },
        {
          "type": "renderModule",
          "assetId": "QBGPHa7ppZ1aTq",
          "checksum": "fb69944298d6ef04f880279122a71d91"
        },
        {
          "type": "cssRules",
          "assetId": "QBGPHa7ppZ1aTq",
          "checksum": "fb69944298d6ef04f880279122a71d91"
        },
        {
          "type": "renderModule",
          "assetId": "S0E6yeW35J539P",
          "checksum": "7ef4495c383187b7764ac4daace3061d"
        },
        {
          "type": "cssRules",
          "assetId": "S0E6yeW35J539P",
          "checksum": "7ef4495c383187b7764ac4daace3061d"
        },
        {
          "type": "renderModule",
          "assetId": "cAtTstJSenOpIj",
          "checksum": "56836e3ea186657484d3c64d98103f9a"
        },
        {
          "type": "cssRules",
          "assetId": "cAtTstJSenOpIj",
          "checksum": "56836e3ea186657484d3c64d98103f9a"
        },
        {
          "type": "renderModule",
          "assetId": "nd_5TIq5hl4BCD",
          "checksum": "a308a20116abd1657305ddac94c2d97c"
        },
        {
          "type": "cssRules",
          "assetId": "nd_5TIq5hl4BCD",
          "checksum": "a308a20116abd1657305ddac94c2d97c"
        },
        {
          "type": "renderModule",
          "assetId": "7KMo1Sd6HTa929",
          "checksum": "042ca5a8684f414400da2db733f6c9c1"
        },
        {
          "type": "cssRules",
          "assetId": "7KMo1Sd6HTa929",
          "checksum": "042ca5a8684f414400da2db733f6c9c1"
        },
        {
          "type": "renderModule",
          "assetId": "s4za5IjEKLQiTh",
          "checksum": "4da3fac33482920923df16cabecee941"
        },
        {
          "type": "cssRules",
          "assetId": "s4za5IjEKLQiTh",
          "checksum": "4da3fac33482920923df16cabecee941"
        },
        {
          "type": "renderModule",
          "assetId": "XpFLgqdvVc",
          "checksum": "dce28bb7f5f18c05ce2482561e285fe8"
        },
        {
          "type": "cssRules",
          "assetId": "XpFLgqdvVc",
          "checksum": "dce28bb7f5f18c05ce2482561e285fe8"
        },
        {
          "type": "renderModule",
          "assetId": "tyIgd4inA60F",
          "checksum": "79da3095782bb9a79f35f13b056e7f50"
        },
        {
          "type": "cssRules",
          "assetId": "tyIgd4inA60F",
          "checksum": "79da3095782bb9a79f35f13b056e7f50"
        },
        {
          "type": "renderModule",
          "assetId": "72031lYT5b8J",
          "checksum": "f31539d13aa178305debdd51261a2a2d"
        },
        {
          "type": "cssRules",
          "assetId": "72031lYT5b8J",
          "checksum": "f31539d13aa178305debdd51261a2a2d"
        },
        {
          "type": "icon",
          "assetId": "8JlT1dkmxah3Wwy",
          "checksum": "c703e1d04af7c2d85ef9722a50ad7453"
        },
        {
          "type": "icon",
          "assetId": "52IZgKccYr_P",
          "checksum": "df372e563c81306a2801f53f572f2ba9"
        },
        {
          "type": "icon",
          "assetId": "HUMx9gmaFsM2",
          "checksum": "611d7990267c09dbe91e3932fbf3bcb3"
        },
        {
          "type": "icon",
          "assetId": "YF4jbyk9EhZl",
          "checksum": "631230755d24b130c6ae212d94368425"
        },
        {
          "type": "icon",
          "assetId": "brquOlkiRV7V",
          "checksum": "467d029025a560876c0f8e5eb29adab1"
        },
        {
          "type": "icon",
          "assetId": "d6ifsfFRsE1t",
          "checksum": "c900757965b36ebec94f0494d6f19773"
        },
        {
          "type": "icon",
          "assetId": "NLAsS3CHl8w4",
          "checksum": "9e2bd290415640be71ade4db7b023ca5"
        },
        {
          "type": "icon",
          "assetId": "NmoSarf4TD_d",
          "checksum": "c1d311a52a4c44eab3198359d3c7622e"
        },
        {
          "type": "image",
          "assetId": "ItRrSzkC4cr9",
          "checksum": "c754864574ef0ec2910e60815985d65f"
        },
        {
          "type": "image",
          "assetId": "XchMrduaL36Y",
          "checksum": "d7c79fa2f65fa51f50dbb048965ca08e"
        },
        {
          "type": "image",
          "assetId": "XkAZUheMAMEc",
          "checksum": "db08804310784c69b2532aedcff20478"
        },
        {
          "type": "image",
          "assetId": "ckxNZl6SmJHI",
          "checksum": "8d425a04474f313e1aecd97ef29dffbf"
        },
        {
          "type": "image",
          "assetId": "e6ZH_-aK-gPx",
          "checksum": "8df6bb86afb1e3039b42b75c392f6de3"
        },
        {
          "type": "image",
          "assetId": "p0U53PkM973s",
          "checksum": "0d8798ccbbe39a2cd3fac55d7c2920a3"
        },
        {
          "type": "image",
          "assetId": "ysYXku2BlAyn",
          "checksum": "b8cfdcb8179dba8f0ed0c2e779fc17d6"
        },
        {
          "type": "image",
          "assetId": "q1CvtSiqfmxm",
          "checksum": "fb5b8bd25350102ececc2d2183643deb"
        },
        {
          "type": "image",
          "assetId": "MUu2SmZo1oz0",
          "checksum": "5515f9d65bec8d80017209a1921c8c6c"
        },
        {
          "type": "image",
          "assetId": "3WYIFtZUjQUn",
          "checksum": "c89ff6ca5d06f8813d7ac628adba7c5e"
        },
        {
          "type": "image",
          "assetId": "XLx7jsbI_rdU",
          "checksum": "4209dc427dc064e4eff006d841034b34"
        },
        {
          "type": "image",
          "assetId": "iHOoHJLMLUig",
          "checksum": "5f812ece6e1adacfba01abf2ca79fedd"
        },
        {
          "type": "image",
          "assetId": "MlZ4y_Wy3ffj",
          "checksum": "e541ca2b56d4edc1eff3a5d522ff2c79"
        },
        {
          "type": "image",
          "assetId": "iRTJl5mdU2RS",
          "checksum": "bcc06b65e16a7a75e215cf68de4b14ef"
        },
        {
          "type": "image",
          "assetId": "8rrCReLZGmWE",
          "checksum": "e1e69739d59beb3dbfca093a171d6670"
        },
        {
          "type": "image",
          "assetId": "ixEM0N6C8mwX",
          "checksum": "3d4623ba6b557811e2f84cf16377d48e"
        },
        {
          "type": "image",
          "assetId": "2QJDjPGR3yyg",
          "checksum": "f8f2bbb2a43eac0eff70c54da7f86857"
        },
        {
          "type": "image",
          "assetId": "snK4z8nWz4Ho",
          "checksum": "079d4c0fdbcfd21a41665ffa4b6ff556"
        },
        {
          "type": "image",
          "assetId": "TLnkOPTzrnkQ",
          "checksum": "5c401a46e424149b3522ec7ca0ea8ce9"
        },
        {
          "type": "image",
          "assetId": "W-gCCAoDmvH8",
          "checksum": "06670e763a56d1efa76e956bec9266a2"
        },
        {
          "type": "image",
          "assetId": "VHE3LPHLVbrG",
          "checksum": "ea5dc0e019fd2c6336865a3dbcb8a5c1"
        },
        {
          "type": "image",
          "assetId": "SDnyvA3TNi_E",
          "checksum": "5328b7648331419dcf6cde6e5c89dc08"
        },
        {
          "type": "image",
          "assetId": "ILAA2ye2ewtq",
          "checksum": "7b61ef2c98d3daffc717c538345f7b26"
        },
        {
          "type": "image",
          "assetId": "lu7Kcr89yYlh",
          "checksum": "2ac1c15ecc06dc46b7342693583cd4ad"
        },
        {
          "type": "image",
          "assetId": "t6w6vak1Ep25",
          "checksum": "a1aaf5e02b2241a914e2274b34ac1073"
        },
        {
          "type": "image",
          "assetId": "vSdgLoTMVIBv",
          "checksum": "8f17e7d7a33a7be84b1e2effd055c400"
        },
        {
          "type": "image",
          "assetId": "9K18vvEuCg_I",
          "checksum": "1f8e21b3d41cc7b1ebb6ae5dc9ec3284"
        },
        {
          "type": "image",
          "assetId": "u9CMs1hbPbI2",
          "checksum": "5c2262eb1aa60defc63e95556ca040aa"
        },
        {
          "type": "image",
          "assetId": "OdAQgTq10HQ0",
          "checksum": "ef9267cf5a5d749b7a1774c151d6efaf"
        },
        {
          "type": "image",
          "assetId": "LAAORIF6OMdp",
          "checksum": "f55d9c317fcd5d5371330f0a7110948d"
        },
        {
          "type": "image",
          "assetId": "jYqKoAtBfQxs",
          "checksum": "36c866de38e0da06f29e14dc56cb477f"
        },
        {
          "type": "image",
          "assetId": "mkLQLDYc5b60",
          "checksum": "ec3c8ee7d10097bfb17fef8639dea209"
        },
        {
          "type": "image",
          "assetId": "tcfpp2X8e9Eh",
          "checksum": "4ba8ca9c7ff8d71017b2f09934ce07f9"
        },
        {
          "type": "image",
          "assetId": "idvcpDRFRWQn",
          "checksum": "664b6f3a7b08b1f3da76ba37dd3ec3b6"
        },
        {
          "type": "image",
          "assetId": "WmxiDZFIW0pH",
          "checksum": "9ab850609600892720c4e1ba2d7188b1"
        },
        {
          "type": "image",
          "assetId": "gpn6Rrr05Xxb",
          "checksum": "a24566311931efaa8a34a624096e7cd0"
        },
        {
          "assetId": "nV7sRTPBx6ecWzFNNAWeQg",
          "type": "projectCss",
          "checksum": "f5b340ee873af4d04fd97060a178bb68"
        }
      ],
      "codegenVersion": "0.0.1"
    }
  ],
  "cliVersion": "0.1.205"
}
