{
  "projects": [
    {
      "projectId": "fsUfPhngrgShbFqcuk7nfv",
      "version": "latest",
      "dependencies": {},
      "lang": "ts",
      "fileLocks": [
        {
          "type": "globalVariant",
          "assetId": "DXe-iXkpBuWTG",
          "checksum": "f4811a3ba6590b2afc3ab0acce2c3b58"
        },
        {
          "assetId": "fsUfPhngrgShbFqcuk7nfv",
          "type": "projectCss",
          "checksum": "96bc078bfd71017300b498a393d6721f"
        },
        {
          "type": "renderModule",
          "assetId": "xVO4oiXSyOCv",
          "checksum": "30dd80e8aa19f4bc7a7a4f8b5529d3e9"
        },
        {
          "type": "cssRules",
          "assetId": "xVO4oiXSyOCv",
          "checksum": "30dd80e8aa19f4bc7a7a4f8b5529d3e9"
        }
      ],
      "codegenVersion": "0.0.1"
    }
  ],
  "cliVersion": "0.1.205"
}
