{
  "projects": [
    {
      "projectId": "x7VZoMTkaRPxy26VUXVkvK",
      "version": "latest",
      "dependencies": {},
      "lang": "ts",
      "fileLocks": [
        {
          "type": "globalVariant",
          "assetId": "CivdiBQpYpScy",
          "checksum": "41a87aeb6c9b64e4af839112f61d65ac"
        },
        {
          "assetId": "x7VZoMTkaRPxy26VUXVkvK",
          "checksum": "51058d6c70acbe238729e2a6d36209c4",
          "type": "globalContexts"
        },
        {
          "type": "renderModule",
          "assetId": "xq29wAEBU6Yg",
          "checksum": "5985b7ea434b0278e9afa8e980968c24"
        },
        {
          "type": "cssRules",
          "assetId": "xq29wAEBU6Yg",
          "checksum": "5985b7ea434b0278e9afa8e980968c24"
        },
        {
          "type": "renderModule",
          "assetId": "QyqHsDAu6Z",
          "checksum": "db1fecceffce71e8a8427338104b283a"
        },
        {
          "type": "cssRules",
          "assetId": "QyqHsDAu6Z",
          "checksum": "db1fecceffce71e8a8427338104b283a"
        },
        {
          "type": "renderModule",
          "assetId": "B74XSlye7u",
          "checksum": "729ee29569c20c24291a98329aedf283"
        },
        {
          "type": "cssRules",
          "assetId": "B74XSlye7u",
          "checksum": "729ee29569c20c24291a98329aedf283"
        },
        {
          "type": "icon",
          "assetId": "sjOToUFJK",
          "checksum": "127c848e968cfe13f3c63ae7a3eb0e3b"
        },
        {
          "type": "renderModule",
          "assetId": "BoAoIbtXkM",
          "checksum": "93aa7a2eff873f4df783966d684ee14e"
        },
        {
          "type": "cssRules",
          "assetId": "BoAoIbtXkM",
          "checksum": "93aa7a2eff873f4df783966d684ee14e"
        },
        {
          "assetId": "x7VZoMTkaRPxy26VUXVkvK",
          "type": "projectCss",
          "checksum": "248abda49b80aebf1a078330805fb3cb"
        }
      ],
      "codegenVersion": "0.0.1"
    }
  ],
  "cliVersion": "0.1.205"
}
